
Microsoft Visual Studio Solution File, Format Version 11.00
# Visual Studio 2010
Project("{FAE04EC0-301F-11D3-BF4B-00C04F79EFBC}") = "Publisher", "Publisher\Publisher.csproj", "{71CCB23A-3564-4E8A-9018-8084CCE63286}"
EndProject
Project("{FAE04EC0-301F-11D3-BF4B-00C04F79EFBC}") = "Subscriber", "Subscriber\Subscriber.csproj", "{9AF88862-9C1B-488D-9A9D-366141D8B846}"
EndProject
Project("{FAE04EC0-301F-11D3-BF4B-00C04F79EFBC}") = "Messages", "Messages\Messages.csproj", "{486454CE-F30F-4089-A27C-4721941E5CD3}"
EndProject
Project("{FAE04EC0-301F-11D3-BF4B-00C04F79EFBC}") = "QueueUtil", "QueueUtil\QueueUtil.csproj", "{0386FF25-A8F7-40E8-91B3-DD98924A9D61}"
EndProject
Project("{FAE04EC0-301F-11D3-BF4B-00C04F79EFBC}") = "Rhino.ServiceBus", "..\..\..\..\..\..\work\hf\git\rhino-esb\Rhino.ServiceBus\Rhino.ServiceBus.csproj", "{1B21C8A5-5E0E-412B-A7F4-9F28B4427F21}"
EndProject
Project("{2150E333-8FDC-42A3-9474-1A3956D46DE8}") = "RSB", "RSB", "{099E6DF6-7477-4618-B4B9-63554605C439}"
EndProject
Project("{FAE04EC0-301F-11D3-BF4B-00C04F79EFBC}") = "Rhino.ServiceBus.StructureMap", "..\..\..\..\..\..\work\hf\git\rhino-esb\Rhino.ServiceBus.StructureMap\Rhino.ServiceBus.StructureMap.csproj", "{C0B1E3BD-3481-4E0E-866F-5BEC471C2F4C}"
EndProject
Project("{FAE04EC0-301F-11D3-BF4B-00C04F79EFBC}") = "Rhino.ServiceBus.Host", "..\..\..\..\..\..\work\hf\git\rhino-esb\Rhino.ServiceBus.Host\Rhino.ServiceBus.Host.csproj", "{8FBBDD2A-A832-4827-9325-C670B6DC06FB}"
EndProject
Project("{FAE04EC0-301F-11D3-BF4B-00C04F79EFBC}") = "Rhino.ServiceBus.Castle", "..\..\..\..\..\..\work\hf\git\rhino-esb\Rhino.ServiceBus.Castle\Rhino.ServiceBus.Castle.csproj", "{4D65E756-C0C9-42AA-9B73-75E85E77EA7B}"
EndProject
Global
	GlobalSection(SolutionConfigurationPlatforms) = preSolution
		Debug|Any CPU = Debug|Any CPU
		Debug|Mixed Platforms = Debug|Mixed Platforms
		Debug|x86 = Debug|x86
		Release|Any CPU = Release|Any CPU
		Release|Mixed Platforms = Release|Mixed Platforms
		Release|x86 = Release|x86
	EndGlobalSection
	GlobalSection(ProjectConfigurationPlatforms) = postSolution
		{71CCB23A-3564-4E8A-9018-8084CCE63286}.Debug|Any CPU.ActiveCfg = Debug|x86
		{71CCB23A-3564-4E8A-9018-8084CCE63286}.Debug|Mixed Platforms.ActiveCfg = Debug|x86
		{71CCB23A-3564-4E8A-9018-8084CCE63286}.Debug|Mixed Platforms.Build.0 = Debug|x86
		{71CCB23A-3564-4E8A-9018-8084CCE63286}.Debug|x86.ActiveCfg = Debug|x86
		{71CCB23A-3564-4E8A-9018-8084CCE63286}.Debug|x86.Build.0 = Debug|x86
		{71CCB23A-3564-4E8A-9018-8084CCE63286}.Release|Any CPU.ActiveCfg = Release|x86
		{71CCB23A-3564-4E8A-9018-8084CCE63286}.Release|Mixed Platforms.ActiveCfg = Release|x86
		{71CCB23A-3564-4E8A-9018-8084CCE63286}.Release|Mixed Platforms.Build.0 = Release|x86
		{71CCB23A-3564-4E8A-9018-8084CCE63286}.Release|x86.ActiveCfg = Release|x86
		{71CCB23A-3564-4E8A-9018-8084CCE63286}.Release|x86.Build.0 = Release|x86
		{9AF88862-9C1B-488D-9A9D-366141D8B846}.Debug|Any CPU.ActiveCfg = Debug|x86
		{9AF88862-9C1B-488D-9A9D-366141D8B846}.Debug|Mixed Platforms.ActiveCfg = Debug|x86
		{9AF88862-9C1B-488D-9A9D-366141D8B846}.Debug|Mixed Platforms.Build.0 = Debug|x86
		{9AF88862-9C1B-488D-9A9D-366141D8B846}.Debug|x86.ActiveCfg = Debug|x86
		{9AF88862-9C1B-488D-9A9D-366141D8B846}.Debug|x86.Build.0 = Debug|x86
		{9AF88862-9C1B-488D-9A9D-366141D8B846}.Release|Any CPU.ActiveCfg = Release|x86
		{9AF88862-9C1B-488D-9A9D-366141D8B846}.Release|Mixed Platforms.ActiveCfg = Release|x86
		{9AF88862-9C1B-488D-9A9D-366141D8B846}.Release|Mixed Platforms.Build.0 = Release|x86
		{9AF88862-9C1B-488D-9A9D-366141D8B846}.Release|x86.ActiveCfg = Release|x86
		{9AF88862-9C1B-488D-9A9D-366141D8B846}.Release|x86.Build.0 = Release|x86
		{486454CE-F30F-4089-A27C-4721941E5CD3}.Debug|Any CPU.ActiveCfg = Debug|Any CPU
		{486454CE-F30F-4089-A27C-4721941E5CD3}.Debug|Any CPU.Build.0 = Debug|Any CPU
		{486454CE-F30F-4089-A27C-4721941E5CD3}.Debug|Mixed Platforms.ActiveCfg = Debug|Any CPU
		{486454CE-F30F-4089-A27C-4721941E5CD3}.Debug|Mixed Platforms.Build.0 = Debug|Any CPU
		{486454CE-F30F-4089-A27C-4721941E5CD3}.Debug|x86.ActiveCfg = Debug|Any CPU
		{486454CE-F30F-4089-A27C-4721941E5CD3}.Release|Any CPU.ActiveCfg = Release|Any CPU
		{486454CE-F30F-4089-A27C-4721941E5CD3}.Release|Any CPU.Build.0 = Release|Any CPU
		{486454CE-F30F-4089-A27C-4721941E5CD3}.Release|Mixed Platforms.ActiveCfg = Release|Any CPU
		{486454CE-F30F-4089-A27C-4721941E5CD3}.Release|Mixed Platforms.Build.0 = Release|Any CPU
		{486454CE-F30F-4089-A27C-4721941E5CD3}.Release|x86.ActiveCfg = Release|Any CPU
		{0386FF25-A8F7-40E8-91B3-DD98924A9D61}.Debug|Any CPU.ActiveCfg = Debug|Any CPU
		{0386FF25-A8F7-40E8-91B3-DD98924A9D61}.Debug|Any CPU.Build.0 = Debug|Any CPU
		{0386FF25-A8F7-40E8-91B3-DD98924A9D61}.Debug|Mixed Platforms.ActiveCfg = Debug|Any CPU
		{0386FF25-A8F7-40E8-91B3-DD98924A9D61}.Debug|Mixed Platforms.Build.0 = Debug|Any CPU
		{0386FF25-A8F7-40E8-91B3-DD98924A9D61}.Debug|x86.ActiveCfg = Debug|Any CPU
		{0386FF25-A8F7-40E8-91B3-DD98924A9D61}.Release|Any CPU.ActiveCfg = Release|Any CPU
		{0386FF25-A8F7-40E8-91B3-DD98924A9D61}.Release|Any CPU.Build.0 = Release|Any CPU
		{0386FF25-A8F7-40E8-91B3-DD98924A9D61}.Release|Mixed Platforms.ActiveCfg = Release|Any CPU
		{0386FF25-A8F7-40E8-91B3-DD98924A9D61}.Release|Mixed Platforms.Build.0 = Release|Any CPU
		{0386FF25-A8F7-40E8-91B3-DD98924A9D61}.Release|x86.ActiveCfg = Release|Any CPU
		{1B21C8A5-5E0E-412B-A7F4-9F28B4427F21}.Debug|Any CPU.ActiveCfg = Debug|Any CPU
		{1B21C8A5-5E0E-412B-A7F4-9F28B4427F21}.Debug|Any CPU.Build.0 = Debug|Any CPU
		{1B21C8A5-5E0E-412B-A7F4-9F28B4427F21}.Debug|Mixed Platforms.ActiveCfg = Debug|Any CPU
		{1B21C8A5-5E0E-412B-A7F4-9F28B4427F21}.Debug|Mixed Platforms.Build.0 = Debug|Any CPU
		{1B21C8A5-5E0E-412B-A7F4-9F28B4427F21}.Debug|x86.ActiveCfg = Debug|Any CPU
		{1B21C8A5-5E0E-412B-A7F4-9F28B4427F21}.Release|Any CPU.ActiveCfg = Release|Any CPU
		{1B21C8A5-5E0E-412B-A7F4-9F28B4427F21}.Release|Any CPU.Build.0 = Release|Any CPU
		{1B21C8A5-5E0E-412B-A7F4-9F28B4427F21}.Release|Mixed Platforms.ActiveCfg = Release|Any CPU
		{1B21C8A5-5E0E-412B-A7F4-9F28B4427F21}.Release|Mixed Platforms.Build.0 = Release|Any CPU
		{1B21C8A5-5E0E-412B-A7F4-9F28B4427F21}.Release|x86.ActiveCfg = Release|Any CPU
		{C0B1E3BD-3481-4E0E-866F-5BEC471C2F4C}.Debug|Any CPU.ActiveCfg = Debug|Any CPU
		{C0B1E3BD-3481-4E0E-866F-5BEC471C2F4C}.Debug|Any CPU.Build.0 = Debug|Any CPU
		{C0B1E3BD-3481-4E0E-866F-5BEC471C2F4C}.Debug|Mixed Platforms.ActiveCfg = Debug|Any CPU
		{C0B1E3BD-3481-4E0E-866F-5BEC471C2F4C}.Debug|Mixed Platforms.Build.0 = Debug|Any CPU
		{C0B1E3BD-3481-4E0E-866F-5BEC471C2F4C}.Debug|x86.ActiveCfg = Debug|Any CPU
		{C0B1E3BD-3481-4E0E-866F-5BEC471C2F4C}.Release|Any CPU.ActiveCfg = Release|Any CPU
		{C0B1E3BD-3481-4E0E-866F-5BEC471C2F4C}.Release|Any CPU.Build.0 = Release|Any CPU
		{C0B1E3BD-3481-4E0E-866F-5BEC471C2F4C}.Release|Mixed Platforms.ActiveCfg = Release|Any CPU
		{C0B1E3BD-3481-4E0E-866F-5BEC471C2F4C}.Release|Mixed Platforms.Build.0 = Release|Any CPU
		{C0B1E3BD-3481-4E0E-866F-5BEC471C2F4C}.Release|x86.ActiveCfg = Release|Any CPU
		{8FBBDD2A-A832-4827-9325-C670B6DC06FB}.Debug|Any CPU.ActiveCfg = Debug|Any CPU
		{8FBBDD2A-A832-4827-9325-C670B6DC06FB}.Debug|Any CPU.Build.0 = Debug|Any CPU
		{8FBBDD2A-A832-4827-9325-C670B6DC06FB}.Debug|Mixed Platforms.ActiveCfg = Debug|Any CPU
		{8FBBDD2A-A832-4827-9325-C670B6DC06FB}.Debug|Mixed Platforms.Build.0 = Debug|Any CPU
		{8FBBDD2A-A832-4827-9325-C670B6DC06FB}.Debug|x86.ActiveCfg = Debug|Any CPU
		{8FBBDD2A-A832-4827-9325-C670B6DC06FB}.Release|Any CPU.ActiveCfg = Release|Any CPU
		{8FBBDD2A-A832-4827-9325-C670B6DC06FB}.Release|Any CPU.Build.0 = Release|Any CPU
		{8FBBDD2A-A832-4827-9325-C670B6DC06FB}.Release|Mixed Platforms.ActiveCfg = Release|Any CPU
		{8FBBDD2A-A832-4827-9325-C670B6DC06FB}.Release|Mixed Platforms.Build.0 = Release|Any CPU
		{8FBBDD2A-A832-4827-9325-C670B6DC06FB}.Release|x86.ActiveCfg = Release|Any CPU
		{4D65E756-C0C9-42AA-9B73-75E85E77EA7B}.Debug|Any CPU.ActiveCfg = Debug|Any CPU
		{4D65E756-C0C9-42AA-9B73-75E85E77EA7B}.Debug|Any CPU.Build.0 = Debug|Any CPU
		{4D65E756-C0C9-42AA-9B73-75E85E77EA7B}.Debug|Mixed Platforms.ActiveCfg = Debug|Any CPU
		{4D65E756-C0C9-42AA-9B73-75E85E77EA7B}.Debug|Mixed Platforms.Build.0 = Debug|Any CPU
		{4D65E756-C0C9-42AA-9B73-75E85E77EA7B}.Debug|x86.ActiveCfg = Debug|Any CPU
		{4D65E756-C0C9-42AA-9B73-75E85E77EA7B}.Release|Any CPU.ActiveCfg = Release|Any CPU
		{4D65E756-C0C9-42AA-9B73-75E85E77EA7B}.Release|Any CPU.Build.0 = Release|Any CPU
		{4D65E756-C0C9-42AA-9B73-75E85E77EA7B}.Release|Mixed Platforms.ActiveCfg = Release|Any CPU
		{4D65E756-C0C9-42AA-9B73-75E85E77EA7B}.Release|Mixed Platforms.Build.0 = Release|Any CPU
		{4D65E756-C0C9-42AA-9B73-75E85E77EA7B}.Release|x86.ActiveCfg = Release|Any CPU
	EndGlobalSection
	GlobalSection(SolutionProperties) = preSolution
		HideSolutionNode = FALSE
	EndGlobalSection
	GlobalSection(NestedProjects) = preSolution
		{1B21C8A5-5E0E-412B-A7F4-9F28B4427F21} = {099E6DF6-7477-4618-B4B9-63554605C439}
		{C0B1E3BD-3481-4E0E-866F-5BEC471C2F4C} = {099E6DF6-7477-4618-B4B9-63554605C439}
		{8FBBDD2A-A832-4827-9325-C670B6DC06FB} = {099E6DF6-7477-4618-B4B9-63554605C439}
		{4D65E756-C0C9-42AA-9B73-75E85E77EA7B} = {099E6DF6-7477-4618-B4B9-63554605C439}
	EndGlobalSection
EndGlobal
